
Microsoft Visual Studio Solution File, Format Version 12.00
# Visual Studio 15
VisualStudioVersion = 15.0.28307.329
MinimumVisualStudioVersion = 10.0.40219.1
Project("{FAE04EC0-301F-11D3-BF4B-00C04F79EFBC}") = "assignment5", "assignment5\assignment5.csproj", "{D460FB2B-17EE-496C-9F87-6852AABBCB1F}"
EndProject
Global
	GlobalSection(SolutionConfigurationPlatforms) = preSolution
		Debug|Any CPU = Debug|Any CPU
		Release|Any CPU = Release|Any CPU
	EndGlobalSection
	GlobalSection(ProjectConfigurationPlatforms) = postSolution
		{D460FB2B-17EE-496C-9F87-6852AABBCB1F}.Debug|Any CPU.ActiveCfg = Debug|Any CPU
		{D460FB2B-17EE-496C-9F87-6852AABBCB1F}.Debug|Any CPU.Build.0 = Debug|Any CPU
		{D460FB2B-17EE-496C-9F87-6852AABBCB1F}.Release|Any CPU.ActiveCfg = Release|Any CPU
		{D460FB2B-17EE-496C-9F87-6852AABBCB1F}.Release|Any CPU.Build.0 = Release|Any CPU
	EndGlobalSection
	GlobalSection(SolutionProperties) = preSolution
		HideSolutionNode = FALSE
	EndGlobalSection
	GlobalSection(ExtensibilityGlobals) = postSolution
		SolutionGuid = {AB104148-25BD-4B60-B84C-EC71209F021D}
	EndGlobalSection
EndGlobal
